
Microsoft Visual Studio Solution File, Format Version 12.00
# Visual Studio Version 16
VisualStudioVersion = 16.0.34601.136
MinimumVisualStudioVersion = 10.0.40219.1
Project("{FAE04EC0-301F-11D3-BF4B-00C04F79EFBC}") = "QLCHMT", "QLCHMT.csproj", "{5D404C75-F44E-4372-BFBD-D730B4B724F7}"
EndProject
Project("{54435603-DBB4-11D2-8724-00A0C9A8B90C}") = "Setup1", "..\Setup1\Setup1.vdproj", "{B5667993-8BE3-4F80-8DD6-2D714F22E645}"
EndProject
Global
	GlobalSection(SolutionConfigurationPlatforms) = preSolution
		Debug|Any CPU = Debug|Any CPU
		Release|Any CPU = Release|Any CPU
	EndGlobalSection
	GlobalSection(ProjectConfigurationPlatforms) = postSolution
		{5D404C75-F44E-4372-BFBD-D730B4B724F7}.Debug|Any CPU.ActiveCfg = Debug|Any CPU
		{5D404C75-F44E-4372-BFBD-D730B4B724F7}.Debug|Any CPU.Build.0 = Debug|Any CPU
		{5D404C75-F44E-4372-BFBD-D730B4B724F7}.Release|Any CPU.ActiveCfg = Release|Any CPU
		{5D404C75-F44E-4372-BFBD-D730B4B724F7}.Release|Any CPU.Build.0 = Release|Any CPU
		{B5667993-8BE3-4F80-8DD6-2D714F22E645}.Debug|Any CPU.ActiveCfg = Debug
		{B5667993-8BE3-4F80-8DD6-2D714F22E645}.Release|Any CPU.ActiveCfg = Release
	EndGlobalSection
	GlobalSection(SolutionProperties) = preSolution
		HideSolutionNode = FALSE
	EndGlobalSection
	GlobalSection(ExtensibilityGlobals) = postSolution
		SolutionGuid = {841A53E1-5EE9-4DDF-A97B-4E7E919B7236}
	EndGlobalSection
EndGlobal
